
Microsoft Visual Studio Solution File, Format Version 12.00
# Visual Studio Version 17
VisualStudioVersion = 17.2.32526.322
MinimumVisualStudioVersion = 10.0.40219.1
Project("{FAE04EC0-301F-11D3-BF4B-00C04F79EFBC}") = "Catalog Web API", "Catalog Web API.csproj", "{27922552-38AF-48A2-83BA-989137F44E0C}"
EndProject
Global
	GlobalSection(SolutionConfigurationPlatforms) = preSolution
		Debug|Any CPU = Debug|Any CPU
		Release|Any CPU = Release|Any CPU
	EndGlobalSection
	GlobalSection(ProjectConfigurationPlatforms) = postSolution
		{27922552-38AF-48A2-83BA-989137F44E0C}.Debug|Any CPU.ActiveCfg = Debug|Any CPU
		{27922552-38AF-48A2-83BA-989137F44E0C}.Debug|Any CPU.Build.0 = Debug|Any CPU
		{27922552-38AF-48A2-83BA-989137F44E0C}.Release|Any CPU.ActiveCfg = Release|Any CPU
		{27922552-38AF-48A2-83BA-989137F44E0C}.Release|Any CPU.Build.0 = Release|Any CPU
	EndGlobalSection
	GlobalSection(SolutionProperties) = preSolution
		HideSolutionNode = FALSE
	EndGlobalSection
	GlobalSection(ExtensibilityGlobals) = postSolution
		SolutionGuid = {32AA5D36-5BEE-42CD-A7C0-71D01638DA92}
	EndGlobalSection
EndGlobal
